// !$*UTF8*$!
{
	archiveVersion = 1;
	classes = {
	};
	objectVersion = 50;
	objects = {

/* Begin PBXBuildFile section */
		99661651240BB08700072082 /* ConversationList.storyboard in Resources */ = {isa = PBXBuildFile; fileRef = 99661650240BB08700072082 /* ConversationList.storyboard */; };
		99661655240BB15400072082 /* Conversation.storyboard in Resources */ = {isa = PBXBuildFile; fileRef = 99661654240BB15400072082 /* Conversation.storyboard */; };
		99661657240BB17C00072082 /* ConversationViewController.swift in Sources */ = {isa = PBXBuildFile; fileRef = 99661656240BB17C00072082 /* ConversationViewController.swift */; };
		99661659240BB1A600072082 /* ConversationListViewController.swift in Sources */ = {isa = PBXBuildFile; fileRef = 99661658240BB1A600072082 /* ConversationListViewController.swift */; };
		9966165C240BC82D00072082 /* ConversationCellModel.swift in Sources */ = {isa = PBXBuildFile; fileRef = 9966165B240BC82D00072082 /* ConversationCellModel.swift */; };
		99661661240BC8AF00072082 /* ConversationCell.swift in Sources */ = {isa = PBXBuildFile; fileRef = 9966165F240BC8AF00072082 /* ConversationCell.swift */; };
		99661662240BC8AF00072082 /* ConversationCell.xib in Resources */ = {isa = PBXBuildFile; fileRef = 99661660240BC8AF00072082 /* ConversationCell.xib */; };
		99661669240BEEDE00072082 /* MessageCellModel.swift in Sources */ = {isa = PBXBuildFile; fileRef = 99661668240BEEDE00072082 /* MessageCellModel.swift */; };
		99661674240BF0D600072082 /* MessageCell.swift in Sources */ = {isa = PBXBuildFile; fileRef = 99661672240BF0D600072082 /* MessageCell.swift */; };
		99661675240BF0D600072082 /* MessageCell.xib in Resources */ = {isa = PBXBuildFile; fileRef = 99661673240BF0D600072082 /* MessageCell.xib */; };
		997E03C123F89FE900506D4A /* AppDelegate.swift in Sources */ = {isa = PBXBuildFile; fileRef = 997E03C023F89FE900506D4A /* AppDelegate.swift */; };
		997E03CA23F89FEA00506D4A /* Assets.xcassets in Resources */ = {isa = PBXBuildFile; fileRef = 997E03C923F89FEA00506D4A /* Assets.xcassets */; };
		997E03CD23F89FEA00506D4A /* LaunchScreen.storyboard in Resources */ = {isa = PBXBuildFile; fileRef = 997E03CB23F89FEA00506D4A /* LaunchScreen.storyboard */; };
		9991D3D5240C2CD000DF7A9E /* ConfigurableView.swift in Sources */ = {isa = PBXBuildFile; fileRef = 9991D3D4240C2CD000DF7A9E /* ConfigurableView.swift */; };
		99BCB4EB23FF31CA00316EF7 /* ProfileViewController.swift in Sources */ = {isa = PBXBuildFile; fileRef = 99BCB4EA23FF31CA00316EF7 /* ProfileViewController.swift */; };
		99BCB4ED23FF31E400316EF7 /* Profile.storyboard in Resources */ = {isa = PBXBuildFile; fileRef = 99BCB4EC23FF31E400316EF7 /* Profile.storyboard */; };
/* End PBXBuildFile section */

/* Begin PBXFileReference section */
		990309432413A13400DF6DDA /* ITCompany.playground */ = {isa = PBXFileReference; lastKnownFileType = file.playground; path = ITCompany.playground; sourceTree = "<group>"; xcLanguageSpecificationIdentifier = xcode.lang.swift; };
		99661650240BB08700072082 /* ConversationList.storyboard */ = {isa = PBXFileReference; lastKnownFileType = file.storyboard; path = ConversationList.storyboard; sourceTree = "<group>"; };
		99661654240BB15400072082 /* Conversation.storyboard */ = {isa = PBXFileReference; lastKnownFileType = file.storyboard; path = Conversation.storyboard; sourceTree = "<group>"; };
		99661656240BB17C00072082 /* ConversationViewController.swift */ = {isa = PBXFileReference; lastKnownFileType = sourcecode.swift; path = ConversationViewController.swift; sourceTree = "<group>"; };
		99661658240BB1A600072082 /* ConversationListViewController.swift */ = {isa = PBXFileReference; lastKnownFileType = sourcecode.swift; path = ConversationListViewController.swift; sourceTree = "<group>"; };
		9966165B240BC82D00072082 /* ConversationCellModel.swift */ = {isa = PBXFileReference; lastKnownFileType = sourcecode.swift; path = ConversationCellModel.swift; sourceTree = "<group>"; };
		9966165F240BC8AF00072082 /* ConversationCell.swift */ = {isa = PBXFileReference; lastKnownFileType = sourcecode.swift; path = ConversationCell.swift; sourceTree = "<group>"; };
		99661660240BC8AF00072082 /* ConversationCell.xib */ = {isa = PBXFileReference; lastKnownFileType = file.xib; path = ConversationCell.xib; sourceTree = "<group>"; };
		99661668240BEEDE00072082 /* MessageCellModel.swift */ = {isa = PBXFileReference; lastKnownFileType = sourcecode.swift; path = MessageCellModel.swift; sourceTree = "<group>"; };
		99661672240BF0D600072082 /* MessageCell.swift */ = {isa = PBXFileReference; lastKnownFileType = sourcecode.swift; path = MessageCell.swift; sourceTree = "<group>"; };
		99661673240BF0D600072082 /* MessageCell.xib */ = {isa = PBXFileReference; lastKnownFileType = file.xib; path = MessageCell.xib; sourceTree = "<group>"; };
		997E03BD23F89FE900506D4A /* P2PChat.app */ = {isa = PBXFileReference; explicitFileType = wrapper.application; includeInIndex = 0; path = P2PChat.app; sourceTree = BUILT_PRODUCTS_DIR; };
		997E03C023F89FE900506D4A /* AppDelegate.swift */ = {isa = PBXFileReference; lastKnownFileType = sourcecode.swift; path = AppDelegate.swift; sourceTree = "<group>"; };
		997E03C923F89FEA00506D4A /* Assets.xcassets */ = {isa = PBXFileReference; lastKnownFileType = folder.assetcatalog; path = Assets.xcassets; sourceTree = "<group>"; };
		997E03CC23F89FEA00506D4A /* Base */ = {isa = PBXFileReference; lastKnownFileType = file.storyboard; name = Base; path = Base.lproj/LaunchScreen.storyboard; sourceTree = "<group>"; };
		997E03CE23F89FEA00506D4A /* Info.plist */ = {isa = PBXFileReference; lastKnownFileType = text.plist.xml; path = Info.plist; sourceTree = "<group>"; };
		9991D3D4240C2CD000DF7A9E /* ConfigurableView.swift */ = {isa = PBXFileReference; lastKnownFileType = sourcecode.swift; path = ConfigurableView.swift; sourceTree = "<group>"; };
		99BCB4EA23FF31CA00316EF7 /* ProfileViewController.swift */ = {isa = PBXFileReference; lastKnownFileType = sourcecode.swift; path = ProfileViewController.swift; sourceTree = "<group>"; };
		99BCB4EC23FF31E400316EF7 /* Profile.storyboard */ = {isa = PBXFileReference; lastKnownFileType = file.storyboard; path = Profile.storyboard; sourceTree = "<group>"; };
/* End PBXFileReference section */

/* Begin PBXFrameworksBuildPhase section */
		997E03BA23F89FE900506D4A /* Frameworks */ = {
			isa = PBXFrameworksBuildPhase;
			buildActionMask = 2147483647;
			files = (
			);
			runOnlyForDeploymentPostprocessing = 0;
		};
/* End PBXFrameworksBuildPhase section */

/* Begin PBXGroup section */
		9966164E240BB01000072082 /* Conversation */ = {
			isa = PBXGroup;
			children = (
				99661663240BEE7D00072082 /* MessageCell */,
				99661654240BB15400072082 /* Conversation.storyboard */,
				99661656240BB17C00072082 /* ConversationViewController.swift */,
			);
			path = Conversation;
			sourceTree = "<group>";
		};
		9966164F240BB03600072082 /* ConverstionList */ = {
			isa = PBXGroup;
			children = (
				9966165A240BC7F900072082 /* ConversationCell */,
				99661650240BB08700072082 /* ConversationList.storyboard */,
				99661658240BB1A600072082 /* ConversationListViewController.swift */,
			);
			path = ConverstionList;
			sourceTree = "<group>";
		};
		9966165A240BC7F900072082 /* ConversationCell */ = {
			isa = PBXGroup;
			children = (
				9966165B240BC82D00072082 /* ConversationCellModel.swift */,
				9966165F240BC8AF00072082 /* ConversationCell.swift */,
				99661660240BC8AF00072082 /* ConversationCell.xib */,
			);
			path = ConversationCell;
			sourceTree = "<group>";
		};
		99661663240BEE7D00072082 /* MessageCell */ = {
			isa = PBXGroup;
			children = (
				99661668240BEEDE00072082 /* MessageCellModel.swift */,
				99661672240BF0D600072082 /* MessageCell.swift */,
				99661673240BF0D600072082 /* MessageCell.xib */,
			);
			path = MessageCell;
			sourceTree = "<group>";
		};
		997E03B423F89FE800506D4A = {
			isa = PBXGroup;
			children = (
				997E03BF23F89FE900506D4A /* P2PChat */,
				997E03BE23F89FE900506D4A /* Products */,
			);
			sourceTree = "<group>";
		};
		997E03BE23F89FE900506D4A /* Products */ = {
			isa = PBXGroup;
			children = (
				997E03BD23F89FE900506D4A /* P2PChat.app */,
			);
			name = Products;
			sourceTree = "<group>";
		};
		997E03BF23F89FE900506D4A /* P2PChat */ = {
			isa = PBXGroup;
			children = (
				990309432413A13400DF6DDA /* ITCompany.playground */,
				9966164F240BB03600072082 /* ConverstionList */,
				9966164E240BB01000072082 /* Conversation */,
				99BCB4E923FF319400316EF7 /* Profile */,
				997E03C023F89FE900506D4A /* AppDelegate.swift */,
				997E03C923F89FEA00506D4A /* Assets.xcassets */,
				997E03CB23F89FEA00506D4A /* LaunchScreen.storyboard */,
				997E03CE23F89FEA00506D4A /* Info.plist */,
				9991D3D4240C2CD000DF7A9E /* ConfigurableView.swift */,
			);
			path = P2PChat;
			sourceTree = "<group>";
		};
		99BCB4E923FF319400316EF7 /* Profile */ = {
			isa = PBXGroup;
			children = (
				99BCB4EA23FF31CA00316EF7 /* ProfileViewController.swift */,
				99BCB4EC23FF31E400316EF7 /* Profile.storyboard */,
			);
			path = Profile;
			sourceTree = "<group>";
		};
/* End PBXGroup section */

/* Begin PBXNativeTarget section */
		997E03BC23F89FE900506D4A /* P2PChat */ = {
			isa = PBXNativeTarget;
			buildConfigurationList = 997E03D123F89FEA00506D4A /* Build configuration list for PBXNativeTarget "P2PChat" */;
			buildPhases = (
				997E03B923F89FE900506D4A /* Sources */,
				997E03BA23F89FE900506D4A /* Frameworks */,
				997E03BB23F89FE900506D4A /* Resources */,
			);
			buildRules = (
			);
			dependencies = (
			);
			name = P2PChat;
			productName = P2PChat;
			productReference = 997E03BD23F89FE900506D4A /* P2PChat.app */;
			productType = "com.apple.product-type.application";
		};
/* End PBXNativeTarget section */

/* Begin PBXProject section */
		997E03B523F89FE800506D4A /* Project object */ = {
			isa = PBXProject;
			attributes = {
				LastSwiftUpdateCheck = 1130;
				LastUpgradeCheck = 1130;
				ORGANIZATIONNAME = Veirisa;
				TargetAttributes = {
					997E03BC23F89FE900506D4A = {
						CreatedOnToolsVersion = 11.3.1;
					};
				};
			};
			buildConfigurationList = 997E03B823F89FE800506D4A /* Build configuration list for PBXProject "P2PChat" */;
			compatibilityVersion = "Xcode 9.3";
			developmentRegion = en;
			hasScannedForEncodings = 0;
			knownRegions = (
				en,
				Base,
			);
			mainGroup = 997E03B423F89FE800506D4A;
			productRefGroup = 997E03BE23F89FE900506D4A /* Products */;
			projectDirPath = "";
			projectRoot = "";
			targets = (
				997E03BC23F89FE900506D4A /* P2PChat */,
			);
		};
/* End PBXProject section */

/* Begin PBXResourcesBuildPhase section */
		997E03BB23F89FE900506D4A /* Resources */ = {
			isa = PBXResourcesBuildPhase;
			buildActionMask = 2147483647;
			files = (
				99661651240BB08700072082 /* ConversationList.storyboard in Resources */,
				997E03CD23F89FEA00506D4A /* LaunchScreen.storyboard in Resources */,
				997E03CA23F89FEA00506D4A /* Assets.xcassets in Resources */,
				99661675240BF0D600072082 /* MessageCell.xib in Resources */,
				99661655240BB15400072082 /* Conversation.storyboard in Resources */,
				99661662240BC8AF00072082 /* ConversationCell.xib in Resources */,
				99BCB4ED23FF31E400316EF7 /* Profile.storyboard in Resources */,
			);
			runOnlyForDeploymentPostprocessing = 0;
		};
/* End PBXResourcesBuildPhase section */

/* Begin PBXSourcesBuildPhase section */
		997E03B923F89FE900506D4A /* Sources */ = {
			isa = PBXSourcesBuildPhase;
			buildActionMask = 2147483647;
			files = (
				99661669240BEEDE00072082 /* MessageCellModel.swift in Sources */,
				99BCB4EB23FF31CA00316EF7 /* ProfileViewController.swift in Sources */,
				99661657240BB17C00072082 /* ConversationViewController.swift in Sources */,
				9991D3D5240C2CD000DF7A9E /* ConfigurableView.swift in Sources */,
				9966165C240BC82D00072082 /* ConversationCellModel.swift in Sources */,
				99661659240BB1A600072082 /* ConversationListViewController.swift in Sources */,
				99661674240BF0D600072082 /* MessageCell.swift in Sources */,
				997E03C123F89FE900506D4A /* AppDelegate.swift in Sources */,
				99661661240BC8AF00072082 /* ConversationCell.swift in Sources */,
			);
			runOnlyForDeploymentPostprocessing = 0;
		};
/* End PBXSourcesBuildPhase section */

/* Begin PBXVariantGroup section */
		997E03CB23F89FEA00506D4A /* LaunchScreen.storyboard */ = {
			isa = PBXVariantGroup;
			children = (
				997E03CC23F89FEA00506D4A /* Base */,
			);
			name = LaunchScreen.storyboard;
			sourceTree = "<group>";
		};
/* End PBXVariantGroup section */

/* Begin XCBuildConfiguration section */
		997E03CF23F89FEA00506D4A /* Debug */ = {
			isa = XCBuildConfiguration;
			buildSettings = {
				ALWAYS_SEARCH_USER_PATHS = NO;
				CLANG_ANALYZER_NONNULL = YES;
				CLANG_ANALYZER_NUMBER_OBJECT_CONVERSION = YES_AGGRESSIVE;
				CLANG_CXX_LANGUAGE_STANDARD = "gnu++14";
				CLANG_CXX_LIBRARY = "libc++";
				CLANG_ENABLE_MODULES = YES;
				CLANG_ENABLE_OBJC_ARC = YES;
				CLANG_ENABLE_OBJC_WEAK = YES;
				CLANG_WARN_BLOCK_CAPTURE_AUTORELEASING = YES;
				CLANG_WARN_BOOL_CONVERSION = YES;
				CLANG_WARN_COMMA = YES;
				CLANG_WARN_CONSTANT_CONVERSION = YES;
				CLANG_WARN_DEPRECATED_OBJC_IMPLEMENTATIONS = YES;
				CLANG_WARN_DIRECT_OBJC_ISA_USAGE = YES_ERROR;
				CLANG_WARN_DOCUMENTATION_COMMENTS = YES;
				CLANG_WARN_EMPTY_BODY = YES;
				CLANG_WARN_ENUM_CONVERSION = YES;
				CLANG_WARN_INFINITE_RECURSION = YES;
				CLANG_WARN_INT_CONVERSION = YES;
				CLANG_WARN_NON_LITERAL_NULL_CONVERSION = YES;
				CLANG_WARN_OBJC_IMPLICIT_RETAIN_SELF = YES;
				CLANG_WARN_OBJC_LITERAL_CONVERSION = YES;
				CLANG_WARN_OBJC_ROOT_CLASS = YES_ERROR;
				CLANG_WARN_RANGE_LOOP_ANALYSIS = YES;
				CLANG_WARN_STRICT_PROTOTYPES = YES;
				CLANG_WARN_SUSPICIOUS_MOVE = YES;
				CLANG_WARN_UNGUARDED_AVAILABILITY = YES_AGGRESSIVE;
				CLANG_WARN_UNREACHABLE_CODE = YES;
				CLANG_WARN__DUPLICATE_METHOD_MATCH = YES;
				COPY_PHASE_STRIP = NO;
				DEBUG_INFORMATION_FORMAT = dwarf;
				ENABLE_STRICT_OBJC_MSGSEND = YES;
				ENABLE_TESTABILITY = YES;
				GCC_C_LANGUAGE_STANDARD = gnu11;
				GCC_DYNAMIC_NO_PIC = NO;
				GCC_NO_COMMON_BLOCKS = YES;
				GCC_OPTIMIZATION_LEVEL = 0;
				GCC_PREPROCESSOR_DEFINITIONS = (
					"DEBUG=1",
					"$(inherited)",
				);
				GCC_WARN_64_TO_32_BIT_CONVERSION = YES;
				GCC_WARN_ABOUT_RETURN_TYPE = YES_ERROR;
				GCC_WARN_UNDECLARED_SELECTOR = YES;
				GCC_WARN_UNINITIALIZED_AUTOS = YES_AGGRESSIVE;
				GCC_WARN_UNUSED_FUNCTION = YES;
				GCC_WARN_UNUSED_VARIABLE = YES;
				IPHONEOS_DEPLOYMENT_TARGET = 13.2;
				MTL_ENABLE_DEBUG_INFO = INCLUDE_SOURCE;
				MTL_FAST_MATH = YES;
				ONLY_ACTIVE_ARCH = YES;
				SDKROOT = iphoneos;
				SWIFT_ACTIVE_COMPILATION_CONDITIONS = DEBUG;
				SWIFT_OPTIMIZATION_LEVEL = "-Onone";
			};
			name = Debug;
		};
		997E03D023F89FEA00506D4A /* Release */ = {
			isa = XCBuildConfiguration;
			buildSettings = {
				ALWAYS_SEARCH_USER_PATHS = NO;
				CLANG_ANALYZER_NONNULL = YES;
				CLANG_ANALYZER_NUMBER_OBJECT_CONVERSION = YES_AGGRESSIVE;
				CLANG_CXX_LANGUAGE_STANDARD = "gnu++14";
				CLANG_CXX_LIBRARY = "libc++";
				CLANG_ENABLE_MODULES = YES;
				CLANG_ENABLE_OBJC_ARC = YES;
				CLANG_ENABLE_OBJC_WEAK = YES;
				CLANG_WARN_BLOCK_CAPTURE_AUTORELEASING = YES;
				CLANG_WARN_BOOL_CONVERSION = YES;
				CLANG_WARN_COMMA = YES;
				CLANG_WARN_CONSTANT_CONVERSION = YES;
				CLANG_WARN_DEPRECATED_OBJC_IMPLEMENTATIONS = YES;
				CLANG_WARN_DIRECT_OBJC_ISA_USAGE = YES_ERROR;
				CLANG_WARN_DOCUMENTATION_COMMENTS = YES;
				CLANG_WARN_EMPTY_BODY = YES;
				CLANG_WARN_ENUM_CONVERSION = YES;
				CLANG_WARN_INFINITE_RECURSION = YES;
				CLANG_WARN_INT_CONVERSION = YES;
				CLANG_WARN_NON_LITERAL_NULL_CONVERSION = YES;
				CLANG_WARN_OBJC_IMPLICIT_RETAIN_SELF = YES;
				CLANG_WARN_OBJC_LITERAL_CONVERSION = YES;
				CLANG_WARN_OBJC_ROOT_CLASS = YES_ERROR;
				CLANG_WARN_RANGE_LOOP_ANALYSIS = YES;
				CLANG_WARN_STRICT_PROTOTYPES = YES;
				CLANG_WARN_SUSPICIOUS_MOVE = YES;
				CLANG_WARN_UNGUARDED_AVAILABILITY = YES_AGGRESSIVE;
				CLANG_WARN_UNREACHABLE_CODE = YES;
				CLANG_WARN__DUPLICATE_METHOD_MATCH = YES;
				COPY_PHASE_STRIP = NO;
				DEBUG_INFORMATION_FORMAT = "dwarf-with-dsym";
				ENABLE_NS_ASSERTIONS = NO;
				ENABLE_STRICT_OBJC_MSGSEND = YES;
				GCC_C_LANGUAGE_STANDARD = gnu11;
				GCC_NO_COMMON_BLOCKS = YES;
				GCC_WARN_64_TO_32_BIT_CONVERSION = YES;
				GCC_WARN_ABOUT_RETURN_TYPE = YES_ERROR;
				GCC_WARN_UNDECLARED_SELECTOR = YES;
				GCC_WARN_UNINITIALIZED_AUTOS = YES_AGGRESSIVE;
				GCC_WARN_UNUSED_FUNCTION = YES;
				GCC_WARN_UNUSED_VARIABLE = YES;
				IPHONEOS_DEPLOYMENT_TARGET = 13.2;
				MTL_ENABLE_DEBUG_INFO = NO;
				MTL_FAST_MATH = YES;
				SDKROOT = iphoneos;
				SWIFT_COMPILATION_MODE = wholemodule;
				SWIFT_OPTIMIZATION_LEVEL = "-O";
				VALIDATE_PRODUCT = YES;
			};
			name = Release;
		};
		997E03D223F89FEA00506D4A /* Debug */ = {
			isa = XCBuildConfiguration;
			buildSettings = {
				ASSETCATALOG_COMPILER_APPICON_NAME = AppIcon;
				CODE_SIGN_STYLE = Automatic;
				DEVELOPMENT_TEAM = 48AZWLUK24;
				INFOPLIST_FILE = P2PChat/Info.plist;
				IPHONEOS_DEPLOYMENT_TARGET = 11.0;
				LD_RUNPATH_SEARCH_PATHS = (
					"$(inherited)",
					"@executable_path/Frameworks",
				);
				PRODUCT_BUNDLE_IDENTIFIER = ru.veirisa.P2PChat;
				PRODUCT_NAME = "$(TARGET_NAME)";
				SWIFT_VERSION = 5.0;
				TARGETED_DEVICE_FAMILY = 1;
			};
			name = Debug;
		};
		997E03D323F89FEA00506D4A /* Release */ = {
			isa = XCBuildConfiguration;
			buildSettings = {
				ASSETCATALOG_COMPILER_APPICON_NAME = AppIcon;
				CODE_SIGN_STYLE = Automatic;
				DEVELOPMENT_TEAM = 48AZWLUK24;
				INFOPLIST_FILE = P2PChat/Info.plist;
				IPHONEOS_DEPLOYMENT_TARGET = 11.0;
				LD_RUNPATH_SEARCH_PATHS = (
					"$(inherited)",
					"@executable_path/Frameworks",
				);
				PRODUCT_BUNDLE_IDENTIFIER = ru.veirisa.P2PChat;
				PRODUCT_NAME = "$(TARGET_NAME)";
				SWIFT_VERSION = 5.0;
				TARGETED_DEVICE_FAMILY = 1;
			};
			name = Release;
		};
/* End XCBuildConfiguration section */

/* Begin XCConfigurationList section */
		997E03B823F89FE800506D4A /* Build configuration list for PBXProject "P2PChat" */ = {
			isa = XCConfigurationList;
			buildConfigurations = (
				997E03CF23F89FEA00506D4A /* Debug */,
				997E03D023F89FEA00506D4A /* Release */,
			);
			defaultConfigurationIsVisible = 0;
			defaultConfigurationName = Release;
		};
		997E03D123F89FEA00506D4A /* Build configuration list for PBXNativeTarget "P2PChat" */ = {
			isa = XCConfigurationList;
			buildConfigurations = (
				997E03D223F89FEA00506D4A /* Debug */,
				997E03D323F89FEA00506D4A /* Release */,
			);
			defaultConfigurationIsVisible = 0;
			defaultConfigurationName = Release;
		};
/* End XCConfigurationList section */
	};
	rootObject = 997E03B523F89FE800506D4A /* Project object */;
}
